// !$*UTF8*$!
{
	archiveVersion = 1;
	classes = {
	};
	objectVersion = 46;
	objects = {

/* Begin PBXBuildFile section */
		FB0CDE541BA9E7C500519186 /* AppDelegate.swift in Sources */ = {isa = PBXBuildFile; fileRef = FB0CDE531BA9E7C500519186 /* AppDelegate.swift */; };
		FB0CDE561BA9E7C500519186 /* ViewController.swift in Sources */ = {isa = PBXBuildFile; fileRef = FB0CDE551BA9E7C500519186 /* ViewController.swift */; };
		FB0CDE591BA9E7C500519186 /* Main.storyboard in Resources */ = {isa = PBXBuildFile; fileRef = FB0CDE571BA9E7C500519186 /* Main.storyboard */; };
		FB0CDE5B1BA9E7C500519186 /* Assets.xcassets in Resources */ = {isa = PBXBuildFile; fileRef = FB0CDE5A1BA9E7C500519186 /* Assets.xcassets */; };
		FB0CDE5E1BA9E7C500519186 /* LaunchScreen.storyboard in Resources */ = {isa = PBXBuildFile; fileRef = FB0CDE5C1BA9E7C500519186 /* LaunchScreen.storyboard */; };
		FB0CDE691BA9E7C500519186 /* myHoodTests.swift in Sources */ = {isa = PBXBuildFile; fileRef = FB0CDE681BA9E7C500519186 /* myHoodTests.swift */; };
		FB0CDE741BA9E7C500519186 /* myHoodUITests.swift in Sources */ = {isa = PBXBuildFile; fileRef = FB0CDE731BA9E7C500519186 /* myHoodUITests.swift */; };
		FB2C20ED1BAB326F006DDB43 /* Post.swift in Sources */ = {isa = PBXBuildFile; fileRef = FB2C20EC1BAB326F006DDB43 /* Post.swift */; settings = {ASSET_TAGS = (); }; };
		FB2C20F31BAB47B1006DDB43 /* PostCell.swift in Sources */ = {isa = PBXBuildFile; fileRef = FB2C20F21BAB47B1006DDB43 /* PostCell.swift */; settings = {ASSET_TAGS = (); }; };
/* End PBXBuildFile section */

/* Begin PBXContainerItemProxy section */
		FB0CDE651BA9E7C500519186 /* PBXContainerItemProxy */ = {
			isa = PBXContainerItemProxy;
			containerPortal = FB0CDE481BA9E7C500519186 /* Project object */;
			proxyType = 1;
			remoteGlobalIDString = FB0CDE4F1BA9E7C500519186;
			remoteInfo = myHood;
		};
		FB0CDE701BA9E7C500519186 /* PBXContainerItemProxy */ = {
			isa = PBXContainerItemProxy;
			containerPortal = FB0CDE481BA9E7C500519186 /* Project object */;
			proxyType = 1;
			remoteGlobalIDString = FB0CDE4F1BA9E7C500519186;
			remoteInfo = myHood;
		};
/* End PBXContainerItemProxy section */

/* Begin PBXFileReference section */
		FB0CDE501BA9E7C500519186 /* myHood.app */ = {isa = PBXFileReference; explicitFileType = wrapper.application; includeInIndex = 0; path = myHood.app; sourceTree = BUILT_PRODUCTS_DIR; };
		FB0CDE531BA9E7C500519186 /* AppDelegate.swift */ = {isa = PBXFileReference; lastKnownFileType = sourcecode.swift; path = AppDelegate.swift; sourceTree = "<group>"; };
		FB0CDE551BA9E7C500519186 /* ViewController.swift */ = {isa = PBXFileReference; lastKnownFileType = sourcecode.swift; path = ViewController.swift; sourceTree = "<group>"; };
		FB0CDE581BA9E7C500519186 /* Base */ = {isa = PBXFileReference; lastKnownFileType = file.storyboard; name = Base; path = Base.lproj/Main.storyboard; sourceTree = "<group>"; };
		FB0CDE5A1BA9E7C500519186 /* Assets.xcassets */ = {isa = PBXFileReference; lastKnownFileType = folder.assetcatalog; path = Assets.xcassets; sourceTree = "<group>"; };
		FB0CDE5D1BA9E7C500519186 /* Base */ = {isa = PBXFileReference; lastKnownFileType = file.storyboard; name = Base; path = Base.lproj/LaunchScreen.storyboard; sourceTree = "<group>"; };
		FB0CDE5F1BA9E7C500519186 /* Info.plist */ = {isa = PBXFileReference; lastKnownFileType = text.plist.xml; path = Info.plist; sourceTree = "<group>"; };
		FB0CDE641BA9E7C500519186 /* myHoodTests.xctest */ = {isa = PBXFileReference; explicitFileType = wrapper.cfbundle; includeInIndex = 0; path = myHoodTests.xctest; sourceTree = BUILT_PRODUCTS_DIR; };
		FB0CDE681BA9E7C500519186 /* myHoodTests.swift */ = {isa = PBXFileReference; lastKnownFileType = sourcecode.swift; path = myHoodTests.swift; sourceTree = "<group>"; };
		FB0CDE6A1BA9E7C500519186 /* Info.plist */ = {isa = PBXFileReference; lastKnownFileType = text.plist.xml; path = Info.plist; sourceTree = "<group>"; };
		FB0CDE6F1BA9E7C500519186 /* myHoodUITests.xctest */ = {isa = PBXFileReference; explicitFileType = wrapper.cfbundle; includeInIndex = 0; path = myHoodUITests.xctest; sourceTree = BUILT_PRODUCTS_DIR; };
		FB0CDE731BA9E7C500519186 /* myHoodUITests.swift */ = {isa = PBXFileReference; lastKnownFileType = sourcecode.swift; path = myHoodUITests.swift; sourceTree = "<group>"; };
		FB0CDE751BA9E7C500519186 /* Info.plist */ = {isa = PBXFileReference; lastKnownFileType = text.plist.xml; path = Info.plist; sourceTree = "<group>"; };
		FB2C20EC1BAB326F006DDB43 /* Post.swift */ = {isa = PBXFileReference; fileEncoding = 4; lastKnownFileType = sourcecode.swift; path = Post.swift; sourceTree = "<group>"; };
		FB2C20F21BAB47B1006DDB43 /* PostCell.swift */ = {isa = PBXFileReference; fileEncoding = 4; lastKnownFileType = sourcecode.swift; path = PostCell.swift; sourceTree = "<group>"; };
/* End PBXFileReference section */

/* Begin PBXFrameworksBuildPhase section */
		FB0CDE4D1BA9E7C500519186 /* Frameworks */ = {
			isa = PBXFrameworksBuildPhase;
			buildActionMask = 2147483647;
			files = (
			);
			runOnlyForDeploymentPostprocessing = 0;
		};
		FB0CDE611BA9E7C500519186 /* Frameworks */ = {
			isa = PBXFrameworksBuildPhase;
			buildActionMask = 2147483647;
			files = (
			);
			runOnlyForDeploymentPostprocessing = 0;
		};
		FB0CDE6C1BA9E7C500519186 /* Frameworks */ = {
			isa = PBXFrameworksBuildPhase;
			buildActionMask = 2147483647;
			files = (
			);
			runOnlyForDeploymentPostprocessing = 0;
		};
/* End PBXFrameworksBuildPhase section */

/* Begin PBXGroup section */
		FB0CDE471BA9E7C500519186 = {
			isa = PBXGroup;
			children = (
				FB0CDE521BA9E7C500519186 /* myHood */,
				FB0CDE671BA9E7C500519186 /* myHoodTests */,
				FB0CDE721BA9E7C500519186 /* myHoodUITests */,
				FB0CDE511BA9E7C500519186 /* Products */,
			);
			sourceTree = "<group>";
		};
		FB0CDE511BA9E7C500519186 /* Products */ = {
			isa = PBXGroup;
			children = (
				FB0CDE501BA9E7C500519186 /* myHood.app */,
				FB0CDE641BA9E7C500519186 /* myHoodTests.xctest */,
				FB0CDE6F1BA9E7C500519186 /* myHoodUITests.xctest */,
			);
			name = Products;
			sourceTree = "<group>";
		};
		FB0CDE521BA9E7C500519186 /* myHood */ = {
			isa = PBXGroup;
			children = (
				FB2C20EB1BAB31FF006DDB43 /* model */,
				FB2C20EF1BAB408D006DDB43 /* view */,
				FB0CDE531BA9E7C500519186 /* AppDelegate.swift */,
				FB0CDE551BA9E7C500519186 /* ViewController.swift */,
				FB0CDE571BA9E7C500519186 /* Main.storyboard */,
				FB0CDE5A1BA9E7C500519186 /* Assets.xcassets */,
				FB0CDE5C1BA9E7C500519186 /* LaunchScreen.storyboard */,
				FB0CDE5F1BA9E7C500519186 /* Info.plist */,
			);
			path = myHood;
			sourceTree = "<group>";
		};
		FB0CDE671BA9E7C500519186 /* myHoodTests */ = {
			isa = PBXGroup;
			children = (
				FB0CDE681BA9E7C500519186 /* myHoodTests.swift */,
				FB0CDE6A1BA9E7C500519186 /* Info.plist */,
			);
			path = myHoodTests;
			sourceTree = "<group>";
		};
		FB0CDE721BA9E7C500519186 /* myHoodUITests */ = {
			isa = PBXGroup;
			children = (
				FB0CDE731BA9E7C500519186 /* myHoodUITests.swift */,
				FB0CDE751BA9E7C500519186 /* Info.plist */,
			);
			path = myHoodUITests;
			sourceTree = "<group>";
		};
		FB2C20EB1BAB31FF006DDB43 /* model */ = {
			isa = PBXGroup;
			children = (
				FB2C20EC1BAB326F006DDB43 /* Post.swift */,
			);
			name = model;
			sourceTree = "<group>";
		};
		FB2C20EF1BAB408D006DDB43 /* view */ = {
			isa = PBXGroup;
			children = (
				FB2C20F21BAB47B1006DDB43 /* PostCell.swift */,
			);
			name = view;
			sourceTree = "<group>";
		};
/* End PBXGroup section */

/* Begin PBXNativeTarget section */
		FB0CDE4F1BA9E7C500519186 /* myHood */ = {
			isa = PBXNativeTarget;
			buildConfigurationList = FB0CDE781BA9E7C500519186 /* Build configuration list for PBXNativeTarget "myHood" */;
			buildPhases = (
				FB0CDE4C1BA9E7C500519186 /* Sources */,
				FB0CDE4D1BA9E7C500519186 /* Frameworks */,
				FB0CDE4E1BA9E7C500519186 /* Resources */,
			);
			buildRules = (
			);
			dependencies = (
			);
			name = myHood;
			productName = myHood;
			productReference = FB0CDE501BA9E7C500519186 /* myHood.app */;
			productType = "com.apple.product-type.application";
		};
		FB0CDE631BA9E7C500519186 /* myHoodTests */ = {
			isa = PBXNativeTarget;
			buildConfigurationList = FB0CDE7B1BA9E7C500519186 /* Build configuration list for PBXNativeTarget "myHoodTests" */;
			buildPhases = (
				FB0CDE601BA9E7C500519186 /* Sources */,
				FB0CDE611BA9E7C500519186 /* Frameworks */,
				FB0CDE621BA9E7C500519186 /* Resources */,
			);
			buildRules = (
			);
			dependencies = (
				FB0CDE661BA9E7C500519186 /* PBXTargetDependency */,
			);
			name = myHoodTests;
			productName = myHoodTests;
			productReference = FB0CDE641BA9E7C500519186 /* myHoodTests.xctest */;
			productType = "com.apple.product-type.bundle.unit-test";
		};
		FB0CDE6E1BA9E7C500519186 /* myHoodUITests */ = {
			isa = PBXNativeTarget;
			buildConfigurationList = FB0CDE7E1BA9E7C500519186 /* Build configuration list for PBXNativeTarget "myHoodUITests" */;
			buildPhases = (
				FB0CDE6B1BA9E7C500519186 /* Sources */,
				FB0CDE6C1BA9E7C500519186 /* Frameworks */,
				FB0CDE6D1BA9E7C500519186 /* Resources */,
			);
			buildRules = (
			);
			dependencies = (
				FB0CDE711BA9E7C500519186 /* PBXTargetDependency */,
			);
			name = myHoodUITests;
			productName = myHoodUITests;
			productReference = FB0CDE6F1BA9E7C500519186 /* myHoodUITests.xctest */;
			productType = "com.apple.product-type.bundle.ui-testing";
		};
/* End PBXNativeTarget section */

/* Begin PBXProject section */
		FB0CDE481BA9E7C500519186 /* Project object */ = {
			isa = PBXProject;
			attributes = {
				LastUpgradeCheck = 0700;
				ORGANIZATIONNAME = "Jonathan Wood";
				TargetAttributes = {
					FB0CDE4F1BA9E7C500519186 = {
						CreatedOnToolsVersion = 7.0;
					};
					FB0CDE631BA9E7C500519186 = {
						CreatedOnToolsVersion = 7.0;
						TestTargetID = FB0CDE4F1BA9E7C500519186;
					};
					FB0CDE6E1BA9E7C500519186 = {
						CreatedOnToolsVersion = 7.0;
						TestTargetID = FB0CDE4F1BA9E7C500519186;
					};
				};
			};
			buildConfigurationList = FB0CDE4B1BA9E7C500519186 /* Build configuration list for PBXProject "myHood" */;
			compatibilityVersion = "Xcode 3.2";
			developmentRegion = English;
			hasScannedForEncodings = 0;
			knownRegions = (
				en,
				Base,
			);
			mainGroup = FB0CDE471BA9E7C500519186;
			productRefGroup = FB0CDE511BA9E7C500519186 /* Products */;
			projectDirPath = "";
			projectRoot = "";
			targets = (
				FB0CDE4F1BA9E7C500519186 /* myHood */,
				FB0CDE631BA9E7C500519186 /* myHoodTests */,
				FB0CDE6E1BA9E7C500519186 /* myHoodUITests */,
			);
		};
/* End PBXProject section */

/* Begin PBXResourcesBuildPhase section */
		FB0CDE4E1BA9E7C500519186 /* Resources */ = {
			isa = PBXResourcesBuildPhase;
			buildActionMask = 2147483647;
			files = (
				FB0CDE5E1BA9E7C500519186 /* LaunchScreen.storyboard in Resources */,
				FB0CDE5B1BA9E7C500519186 /* Assets.xcassets in Resources */,
				FB0CDE591BA9E7C500519186 /* Main.storyboard in Resources */,
			);
			runOnlyForDeploymentPostprocessing = 0;
		};
		FB0CDE621BA9E7C500519186 /* Resources */ = {
			isa = PBXResourcesBuildPhase;
			buildActionMask = 2147483647;
			files = (
			);
			runOnlyForDeploymentPostprocessing = 0;
		};
		FB0CDE6D1BA9E7C500519186 /* Resources */ = {
			isa = PBXResourcesBuildPhase;
			buildActionMask = 2147483647;
			files = (
			);
			runOnlyForDeploymentPostprocessing = 0;
		};
/* End PBXResourcesBuildPhase section */

/* Begin PBXSourcesBuildPhase section */
		FB0CDE4C1BA9E7C500519186 /* Sources */ = {
			isa = PBXSourcesBuildPhase;
			buildActionMask = 2147483647;
			files = (
				FB2C20ED1BAB326F006DDB43 /* Post.swift in Sources */,
				FB0CDE561BA9E7C500519186 /* ViewController.swift in Sources */,
				FB0CDE541BA9E7C500519186 /* AppDelegate.swift in Sources */,
				FB2C20F31BAB47B1006DDB43 /* PostCell.swift in Sources */,
			);
			runOnlyForDeploymentPostprocessing = 0;
		};
		FB0CDE601BA9E7C500519186 /* Sources */ = {
			isa = PBXSourcesBuildPhase;
			buildActionMask = 2147483647;
			files = (
				FB0CDE691BA9E7C500519186 /* myHoodTests.swift in Sources */,
			);
			runOnlyForDeploymentPostprocessing = 0;
		};
		FB0CDE6B1BA9E7C500519186 /* Sources */ = {
			isa = PBXSourcesBuildPhase;
			buildActionMask = 2147483647;
			files = (
				FB0CDE741BA9E7C500519186 /* myHoodUITests.swift in Sources */,
			);
			runOnlyForDeploymentPostprocessing = 0;
		};
/* End PBXSourcesBuildPhase section */

/* Begin PBXTargetDependency section */
		FB0CDE661BA9E7C500519186 /* PBXTargetDependency */ = {
			isa = PBXTargetDependency;
			target = FB0CDE4F1BA9E7C500519186 /* myHood */;
			targetProxy = FB0CDE651BA9E7C500519186 /* PBXContainerItemProxy */;
		};
		FB0CDE711BA9E7C500519186 /* PBXTargetDependency */ = {
			isa = PBXTargetDependency;
			target = FB0CDE4F1BA9E7C500519186 /* myHood */;
			targetProxy = FB0CDE701BA9E7C500519186 /* PBXContainerItemProxy */;
		};
/* End PBXTargetDependency section */

/* Begin PBXVariantGroup section */
		FB0CDE571BA9E7C500519186 /* Main.storyboard */ = {
			isa = PBXVariantGroup;
			children = (
				FB0CDE581BA9E7C500519186 /* Base */,
			);
			name = Main.storyboard;
			sourceTree = "<group>";
		};
		FB0CDE5C1BA9E7C500519186 /* LaunchScreen.storyboard */ = {
			isa = PBXVariantGroup;
			children = (
				FB0CDE5D1BA9E7C500519186 /* Base */,
			);
			name = LaunchScreen.storyboard;
			sourceTree = "<group>";
		};
/* End PBXVariantGroup section */

/* Begin XCBuildConfiguration section */
		FB0CDE761BA9E7C500519186 /* Debug */ = {
			isa = XCBuildConfiguration;
			buildSettings = {
				ALWAYS_SEARCH_USER_PATHS = NO;
				CLANG_CXX_LANGUAGE_STANDARD = "gnu++0x";
				CLANG_CXX_LIBRARY = "libc++";
				CLANG_ENABLE_MODULES = YES;
				CLANG_ENABLE_OBJC_ARC = YES;
				CLANG_WARN_BOOL_CONVERSION = YES;
				CLANG_WARN_CONSTANT_CONVERSION = YES;
				CLANG_WARN_DIRECT_OBJC_ISA_USAGE = YES_ERROR;
				CLANG_WARN_EMPTY_BODY = YES;
				CLANG_WARN_ENUM_CONVERSION = YES;
				CLANG_WARN_INT_CONVERSION = YES;
				CLANG_WARN_OBJC_ROOT_CLASS = YES_ERROR;
				CLANG_WARN_UNREACHABLE_CODE = YES;
				CLANG_WARN__DUPLICATE_METHOD_MATCH = YES;
				"CODE_SIGN_IDENTITY[sdk=iphoneos*]" = "iPhone Developer";
				COPY_PHASE_STRIP = NO;
				DEBUG_INFORMATION_FORMAT = dwarf;
				ENABLE_STRICT_OBJC_MSGSEND = YES;
				ENABLE_TESTABILITY = YES;
				GCC_C_LANGUAGE_STANDARD = gnu99;
				GCC_DYNAMIC_NO_PIC = NO;
				GCC_NO_COMMON_BLOCKS = YES;
				GCC_OPTIMIZATION_LEVEL = 0;
				GCC_PREPROCESSOR_DEFINITIONS = (
					"DEBUG=1",
					"$(inherited)",
				);
				GCC_WARN_64_TO_32_BIT_CONVERSION = YES;
				GCC_WARN_ABOUT_RETURN_TYPE = YES_ERROR;
				GCC_WARN_UNDECLARED_SELECTOR = YES;
				GCC_WARN_UNINITIALIZED_AUTOS = YES_AGGRESSIVE;
				GCC_WARN_UNUSED_FUNCTION = YES;
				GCC_WARN_UNUSED_VARIABLE = YES;
				IPHONEOS_DEPLOYMENT_TARGET = 9.0;
				MTL_ENABLE_DEBUG_INFO = YES;
				ONLY_ACTIVE_ARCH = YES;
				SDKROOT = iphoneos;
				SWIFT_OPTIMIZATION_LEVEL = "-Onone";
				TARGETED_DEVICE_FAMILY = "1,2";
			};
			name = Debug;
		};
		FB0CDE771BA9E7C500519186 /* Release */ = {
			isa = XCBuildConfiguration;
			buildSettings = {
				ALWAYS_SEARCH_USER_PATHS = NO;
				CLANG_CXX_LANGUAGE_STANDARD = "gnu++0x";
				CLANG_CXX_LIBRARY = "libc++";
				CLANG_ENABLE_MODULES = YES;
				CLANG_ENABLE_OBJC_ARC = YES;
				CLANG_WARN_BOOL_CONVERSION = YES;
				CLANG_WARN_CONSTANT_CONVERSION = YES;
				CLANG_WARN_DIRECT_OBJC_ISA_USAGE = YES_ERROR;
				CLANG_WARN_EMPTY_BODY = YES;
				CLANG_WARN_ENUM_CONVERSION = YES;
				CLANG_WARN_INT_CONVERSION = YES;
				CLANG_WARN_OBJC_ROOT_CLASS = YES_ERROR;
				CLANG_WARN_UNREACHABLE_CODE = YES;
				CLANG_WARN__DUPLICATE_METHOD_MATCH = YES;
				"CODE_SIGN_IDENTITY[sdk=iphoneos*]" = "iPhone Developer";
				COPY_PHASE_STRIP = NO;
				DEBUG_INFORMATION_FORMAT = "dwarf-with-dsym";
				ENABLE_NS_ASSERTIONS = NO;
				ENABLE_STRICT_OBJC_MSGSEND = YES;
				GCC_C_LANGUAGE_STANDARD = gnu99;
				GCC_NO_COMMON_BLOCKS = YES;
				GCC_WARN_64_TO_32_BIT_CONVERSION = YES;
				GCC_WARN_ABOUT_RETURN_TYPE = YES_ERROR;
				GCC_WARN_UNDECLARED_SELECTOR = YES;
				GCC_WARN_UNINITIALIZED_AUTOS = YES_AGGRESSIVE;
				GCC_WARN_UNUSED_FUNCTION = YES;
				GCC_WARN_UNUSED_VARIABLE = YES;
				IPHONEOS_DEPLOYMENT_TARGET = 9.0;
				MTL_ENABLE_DEBUG_INFO = NO;
				SDKROOT = iphoneos;
				TARGETED_DEVICE_FAMILY = "1,2";
				VALIDATE_PRODUCT = YES;
			};
			name = Release;
		};
		FB0CDE791BA9E7C500519186 /* Debug */ = {
			isa = XCBuildConfiguration;
			buildSettings = {
				ASSETCATALOG_COMPILER_APPICON_NAME = AppIcon;
				INFOPLIST_FILE = myHood/Info.plist;
				LD_RUNPATH_SEARCH_PATHS = "$(inherited) @executable_path/Frameworks";
				PRODUCT_BUNDLE_IDENTIFIER = com.jonathan.myHood;
				PRODUCT_NAME = "$(TARGET_NAME)";
			};
			name = Debug;
		};
		FB0CDE7A1BA9E7C500519186 /* Release */ = {
			isa = XCBuildConfiguration;
			buildSettings = {
				ASSETCATALOG_COMPILER_APPICON_NAME = AppIcon;
				INFOPLIST_FILE = myHood/Info.plist;
				LD_RUNPATH_SEARCH_PATHS = "$(inherited) @executable_path/Frameworks";
				PRODUCT_BUNDLE_IDENTIFIER = com.jonathan.myHood;
				PRODUCT_NAME = "$(TARGET_NAME)";
			};
			name = Release;
		};
		FB0CDE7C1BA9E7C500519186 /* Debug */ = {
			isa = XCBuildConfiguration;
			buildSettings = {
				BUNDLE_LOADER = "$(TEST_HOST)";
				INFOPLIST_FILE = myHoodTests/Info.plist;
				LD_RUNPATH_SEARCH_PATHS = "$(inherited) @executable_path/Frameworks @loader_path/Frameworks";
				PRODUCT_BUNDLE_IDENTIFIER = com.jonathan.myHoodTests;
				PRODUCT_NAME = "$(TARGET_NAME)";
				TEST_HOST = "$(BUILT_PRODUCTS_DIR)/myHood.app/myHood";
			};
			name = Debug;
		};
		FB0CDE7D1BA9E7C500519186 /* Release */ = {
			isa = XCBuildConfiguration;
			buildSettings = {
				BUNDLE_LOADER = "$(TEST_HOST)";
				INFOPLIST_FILE = myHoodTests/Info.plist;
				LD_RUNPATH_SEARCH_PATHS = "$(inherited) @executable_path/Frameworks @loader_path/Frameworks";
				PRODUCT_BUNDLE_IDENTIFIER = com.jonathan.myHoodTests;
				PRODUCT_NAME = "$(TARGET_NAME)";
				TEST_HOST = "$(BUILT_PRODUCTS_DIR)/myHood.app/myHood";
			};
			name = Release;
		};
		FB0CDE7F1BA9E7C500519186 /* Debug */ = {
			isa = XCBuildConfiguration;
			buildSettings = {
				INFOPLIST_FILE = myHoodUITests/Info.plist;
				LD_RUNPATH_SEARCH_PATHS = "$(inherited) @executable_path/Frameworks @loader_path/Frameworks";
				PRODUCT_BUNDLE_IDENTIFIER = com.jonathan.myHoodUITests;
				PRODUCT_NAME = "$(TARGET_NAME)";
				TEST_TARGET_NAME = myHood;
				USES_XCTRUNNER = YES;
			};
			name = Debug;
		};
		FB0CDE801BA9E7C500519186 /* Release */ = {
			isa = XCBuildConfiguration;
			buildSettings = {
				INFOPLIST_FILE = myHoodUITests/Info.plist;
				LD_RUNPATH_SEARCH_PATHS = "$(inherited) @executable_path/Frameworks @loader_path/Frameworks";
				PRODUCT_BUNDLE_IDENTIFIER = com.jonathan.myHoodUITests;
				PRODUCT_NAME = "$(TARGET_NAME)";
				TEST_TARGET_NAME = myHood;
				USES_XCTRUNNER = YES;
			};
			name = Release;
		};
/* End XCBuildConfiguration section */

/* Begin XCConfigurationList section */
		FB0CDE4B1BA9E7C500519186 /* Build configuration list for PBXProject "myHood" */ = {
			isa = XCConfigurationList;
			buildConfigurations = (
				FB0CDE761BA9E7C500519186 /* Debug */,
				FB0CDE771BA9E7C500519186 /* Release */,
			);
			defaultConfigurationIsVisible = 0;
			defaultConfigurationName = Release;
		};
		FB0CDE781BA9E7C500519186 /* Build configuration list for PBXNativeTarget "myHood" */ = {
			isa = XCConfigurationList;
			buildConfigurations = (
				FB0CDE791BA9E7C500519186 /* Debug */,
				FB0CDE7A1BA9E7C500519186 /* Release */,
			);
			defaultConfigurationIsVisible = 0;
			defaultConfigurationName = Release;
		};
		FB0CDE7B1BA9E7C500519186 /* Build configuration list for PBXNativeTarget "myHoodTests" */ = {
			isa = XCConfigurationList;
			buildConfigurations = (
				FB0CDE7C1BA9E7C500519186 /* Debug */,
				FB0CDE7D1BA9E7C500519186 /* Release */,
			);
			defaultConfigurationIsVisible = 0;
			defaultConfigurationName = Release;
		};
		FB0CDE7E1BA9E7C500519186 /* Build configuration list for PBXNativeTarget "myHoodUITests" */ = {
			isa = XCConfigurationList;
			buildConfigurations = (
				FB0CDE7F1BA9E7C500519186 /* Debug */,
				FB0CDE801BA9E7C500519186 /* Release */,
			);
			defaultConfigurationIsVisible = 0;
			defaultConfigurationName = Release;
		};
/* End XCConfigurationList section */
	};
	rootObject = FB0CDE481BA9E7C500519186 /* Project object */;
}
